
Microsoft Visual Studio Solution File, Format Version 12.00
# Visual Studio Version 16
VisualStudioVersion = 16.0.34031.81
MinimumVisualStudioVersion = 10.0.40219.1
Project("{FAE04EC0-301F-11D3-BF4B-00C04F79EFBC}") = "Cau01", "Cau01\Cau01.csproj", "{81F32B7D-5D62-4772-AC82-7DE987BF5172}"
EndProject
Project("{FAE04EC0-301F-11D3-BF4B-00C04F79EFBC}") = "Cau02", "Cau02\Cau02.csproj", "{ACD58CEE-A8E1-4E15-9F08-250215136C6A}"
EndProject
Global
	GlobalSection(SolutionConfigurationPlatforms) = preSolution
		Debug|Any CPU = Debug|Any CPU
		Release|Any CPU = Release|Any CPU
	EndGlobalSection
	GlobalSection(ProjectConfigurationPlatforms) = postSolution
		{81F32B7D-5D62-4772-AC82-7DE987BF5172}.Debug|Any CPU.ActiveCfg = Debug|Any CPU
		{81F32B7D-5D62-4772-AC82-7DE987BF5172}.Debug|Any CPU.Build.0 = Debug|Any CPU
		{81F32B7D-5D62-4772-AC82-7DE987BF5172}.Release|Any CPU.ActiveCfg = Release|Any CPU
		{81F32B7D-5D62-4772-AC82-7DE987BF5172}.Release|Any CPU.Build.0 = Release|Any CPU
		{ACD58CEE-A8E1-4E15-9F08-250215136C6A}.Debug|Any CPU.ActiveCfg = Debug|Any CPU
		{ACD58CEE-A8E1-4E15-9F08-250215136C6A}.Debug|Any CPU.Build.0 = Debug|Any CPU
		{ACD58CEE-A8E1-4E15-9F08-250215136C6A}.Release|Any CPU.ActiveCfg = Release|Any CPU
		{ACD58CEE-A8E1-4E15-9F08-250215136C6A}.Release|Any CPU.Build.0 = Release|Any CPU
	EndGlobalSection
	GlobalSection(SolutionProperties) = preSolution
		HideSolutionNode = FALSE
	EndGlobalSection
	GlobalSection(ExtensibilityGlobals) = postSolution
		SolutionGuid = {30F81FFD-879A-4723-8F42-F950D7E3BAF5}
	EndGlobalSection
EndGlobal
